# This file was autogenerated by Stack.
# You should not edit this file by hand.
# For more information, please see the documentation at:
#   https://docs.haskellstack.org/en/stable/lock_files

packages:
- completed:
    cabal-file:
      size: 1831
      sha256: a69fa2894e48105f56d5bcef8afb28c28ccb4150e2560d7e504849fa89ede3fc
    name: AsciiMath
    version: 0.1.0.0
    git: https://github.com/Kerl13/AsciiMath.git
    pantry-tree:
      size: 2557
      sha256: 030da708bc7bfc3f858694a185863021e47aecc27d22878641fd159a17248e97
    commit: a4c1539a19fd505e6394e552df8afd598013da85
  original:
    git: https://github.com/Kerl13/AsciiMath.git
    commit: a4c1539a19fd505e6394e552df8afd598013da85
snapshots:
- completed:
    size: 498398
    url: https://raw.githubusercontent.com/commercialhaskell/stackage-snapshots/master/lts/13/23.yaml
    sha256: 63151ca76f39d5cfbd266ce019236459fdda53fbefd2200aedeb33bcc81f808e
  original: lts-13.23
